
Microsoft Visual Studio Solution File, Format Version 12.00
# Visual Studio Version 17
VisualStudioVersion = 17.11.35327.3
MinimumVisualStudioVersion = 10.0.40219.1
Project("{FAE04EC0-301F-11D3-BF4B-00C04F79EFBC}") = "GUI_502ag", "GUI\GUI_502ag.csproj", "{0FCF625C-838C-4C50-BB6F-281F33698252}"
EndProject
Project("{FAE04EC0-301F-11D3-BF4B-00C04F79EFBC}") = "SERVICIOS_502ag", "SERVICIOS\SERVICIOS_502ag.csproj", "{97C3DA2E-2BC5-47BC-846C-ED911C08A729}"
EndProject
Project("{FAE04EC0-301F-11D3-BF4B-00C04F79EFBC}") = "DAL_502ag", "DAL_502ag\DAL_502ag.csproj", "{37B342DC-44C8-4F52-8C46-3A5897334505}"
EndProject
Project("{FAE04EC0-301F-11D3-BF4B-00C04F79EFBC}") = "SE_502ag", "SE_502ag\SE_502ag.csproj", "{C72C3586-5675-4B78-9254-21457DE096A1}"
EndProject
Project("{FAE04EC0-301F-11D3-BF4B-00C04F79EFBC}") = "BE_502ag", "BE_502ag\BE_502ag.csproj", "{D95ECADC-5BE4-42FD-B73D-DA10806F04F7}"
EndProject
Project("{FAE04EC0-301F-11D3-BF4B-00C04F79EFBC}") = "BLL_502ag", "BLL_502ag\BLL_502ag.csproj", "{1A5D797F-1385-4A9E-936E-067A902E76FA}"
EndProject
Global
	GlobalSection(SolutionConfigurationPlatforms) = preSolution
		Debug|Any CPU = Debug|Any CPU
		Release|Any CPU = Release|Any CPU
	EndGlobalSection
	GlobalSection(ProjectConfigurationPlatforms) = postSolution
		{0FCF625C-838C-4C50-BB6F-281F33698252}.Debug|Any CPU.ActiveCfg = Debug|Any CPU
		{0FCF625C-838C-4C50-BB6F-281F33698252}.Debug|Any CPU.Build.0 = Debug|Any CPU
		{0FCF625C-838C-4C50-BB6F-281F33698252}.Release|Any CPU.ActiveCfg = Release|Any CPU
		{0FCF625C-838C-4C50-BB6F-281F33698252}.Release|Any CPU.Build.0 = Release|Any CPU
		{97C3DA2E-2BC5-47BC-846C-ED911C08A729}.Debug|Any CPU.ActiveCfg = Debug|Any CPU
		{97C3DA2E-2BC5-47BC-846C-ED911C08A729}.Debug|Any CPU.Build.0 = Debug|Any CPU
		{97C3DA2E-2BC5-47BC-846C-ED911C08A729}.Release|Any CPU.ActiveCfg = Release|Any CPU
		{97C3DA2E-2BC5-47BC-846C-ED911C08A729}.Release|Any CPU.Build.0 = Release|Any CPU
		{37B342DC-44C8-4F52-8C46-3A5897334505}.Debug|Any CPU.ActiveCfg = Debug|Any CPU
		{37B342DC-44C8-4F52-8C46-3A5897334505}.Debug|Any CPU.Build.0 = Debug|Any CPU
		{37B342DC-44C8-4F52-8C46-3A5897334505}.Release|Any CPU.ActiveCfg = Release|Any CPU
		{37B342DC-44C8-4F52-8C46-3A5897334505}.Release|Any CPU.Build.0 = Release|Any CPU
		{C72C3586-5675-4B78-9254-21457DE096A1}.Debug|Any CPU.ActiveCfg = Debug|Any CPU
		{C72C3586-5675-4B78-9254-21457DE096A1}.Debug|Any CPU.Build.0 = Debug|Any CPU
		{C72C3586-5675-4B78-9254-21457DE096A1}.Release|Any CPU.ActiveCfg = Release|Any CPU
		{C72C3586-5675-4B78-9254-21457DE096A1}.Release|Any CPU.Build.0 = Release|Any CPU
		{D95ECADC-5BE4-42FD-B73D-DA10806F04F7}.Debug|Any CPU.ActiveCfg = Debug|Any CPU
		{D95ECADC-5BE4-42FD-B73D-DA10806F04F7}.Debug|Any CPU.Build.0 = Debug|Any CPU
		{D95ECADC-5BE4-42FD-B73D-DA10806F04F7}.Release|Any CPU.ActiveCfg = Release|Any CPU
		{D95ECADC-5BE4-42FD-B73D-DA10806F04F7}.Release|Any CPU.Build.0 = Release|Any CPU
		{1A5D797F-1385-4A9E-936E-067A902E76FA}.Debug|Any CPU.ActiveCfg = Debug|Any CPU
		{1A5D797F-1385-4A9E-936E-067A902E76FA}.Debug|Any CPU.Build.0 = Debug|Any CPU
		{1A5D797F-1385-4A9E-936E-067A902E76FA}.Release|Any CPU.ActiveCfg = Release|Any CPU
		{1A5D797F-1385-4A9E-936E-067A902E76FA}.Release|Any CPU.Build.0 = Release|Any CPU
	EndGlobalSection
	GlobalSection(SolutionProperties) = preSolution
		HideSolutionNode = FALSE
	EndGlobalSection
	GlobalSection(ExtensibilityGlobals) = postSolution
		SolutionGuid = {E94FE6E1-5DDD-4DFD-8CD2-F7AC55602266}
	EndGlobalSection
EndGlobal
