
Microsoft Visual Studio Solution File, Format Version 12.00
# Visual Studio Version 17
VisualStudioVersion = 17.11.35327.3
MinimumVisualStudioVersion = 10.0.40219.1
Project("{FAE04EC0-301F-11D3-BF4B-00C04F79EFBC}") = "GUI_502ag", "GUI\GUI_502ag.csproj", "{0FCF625C-838C-4C50-BB6F-281F33698252}"
EndProject
Project("{FAE04EC0-301F-11D3-BF4B-00C04F79EFBC}") = "BE_502ag", "BE\BE_502ag.csproj", "{A1F49354-B160-4EDF-A9A3-CF0F261050E4}"
EndProject
Project("{FAE04EC0-301F-11D3-BF4B-00C04F79EFBC}") = "BLL_502ag", "BLL\BLL_502ag.csproj", "{63D528C8-8D98-4E0D-A60C-E3C00BFC576D}"
EndProject
Project("{FAE04EC0-301F-11D3-BF4B-00C04F79EFBC}") = "SERVICIOS_502ag", "SERVICIOS\SERVICIOS_502ag.csproj", "{97C3DA2E-2BC5-47BC-846C-ED911C08A729}"
EndProject
Project("{FAE04EC0-301F-11D3-BF4B-00C04F79EFBC}") = "DAL_502ag", "DAL_502ag\DAL_502ag.csproj", "{37B342DC-44C8-4F52-8C46-3A5897334505}"
EndProject
Global
	GlobalSection(SolutionConfigurationPlatforms) = preSolution
		Debug|Any CPU = Debug|Any CPU
		Release|Any CPU = Release|Any CPU
	EndGlobalSection
	GlobalSection(ProjectConfigurationPlatforms) = postSolution
		{0FCF625C-838C-4C50-BB6F-281F33698252}.Debug|Any CPU.ActiveCfg = Debug|Any CPU
		{0FCF625C-838C-4C50-BB6F-281F33698252}.Debug|Any CPU.Build.0 = Debug|Any CPU
		{0FCF625C-838C-4C50-BB6F-281F33698252}.Release|Any CPU.ActiveCfg = Release|Any CPU
		{0FCF625C-838C-4C50-BB6F-281F33698252}.Release|Any CPU.Build.0 = Release|Any CPU
		{A1F49354-B160-4EDF-A9A3-CF0F261050E4}.Debug|Any CPU.ActiveCfg = Debug|Any CPU
		{A1F49354-B160-4EDF-A9A3-CF0F261050E4}.Debug|Any CPU.Build.0 = Debug|Any CPU
		{A1F49354-B160-4EDF-A9A3-CF0F261050E4}.Release|Any CPU.ActiveCfg = Release|Any CPU
		{A1F49354-B160-4EDF-A9A3-CF0F261050E4}.Release|Any CPU.Build.0 = Release|Any CPU
		{63D528C8-8D98-4E0D-A60C-E3C00BFC576D}.Debug|Any CPU.ActiveCfg = Debug|Any CPU
		{63D528C8-8D98-4E0D-A60C-E3C00BFC576D}.Debug|Any CPU.Build.0 = Debug|Any CPU
		{63D528C8-8D98-4E0D-A60C-E3C00BFC576D}.Release|Any CPU.ActiveCfg = Release|Any CPU
		{63D528C8-8D98-4E0D-A60C-E3C00BFC576D}.Release|Any CPU.Build.0 = Release|Any CPU
		{97C3DA2E-2BC5-47BC-846C-ED911C08A729}.Debug|Any CPU.ActiveCfg = Debug|Any CPU
		{97C3DA2E-2BC5-47BC-846C-ED911C08A729}.Debug|Any CPU.Build.0 = Debug|Any CPU
		{97C3DA2E-2BC5-47BC-846C-ED911C08A729}.Release|Any CPU.ActiveCfg = Release|Any CPU
		{97C3DA2E-2BC5-47BC-846C-ED911C08A729}.Release|Any CPU.Build.0 = Release|Any CPU
		{37B342DC-44C8-4F52-8C46-3A5897334505}.Debug|Any CPU.ActiveCfg = Debug|Any CPU
		{37B342DC-44C8-4F52-8C46-3A5897334505}.Debug|Any CPU.Build.0 = Debug|Any CPU
		{37B342DC-44C8-4F52-8C46-3A5897334505}.Release|Any CPU.ActiveCfg = Release|Any CPU
		{37B342DC-44C8-4F52-8C46-3A5897334505}.Release|Any CPU.Build.0 = Release|Any CPU
	EndGlobalSection
	GlobalSection(SolutionProperties) = preSolution
		HideSolutionNode = FALSE
	EndGlobalSection
	GlobalSection(ExtensibilityGlobals) = postSolution
		SolutionGuid = {E94FE6E1-5DDD-4DFD-8CD2-F7AC55602266}
	EndGlobalSection
EndGlobal
